
Microsoft Visual Studio Solution File, Format Version 12.00
# Visual Studio 14
VisualStudioVersion = 14.0.25420.1
MinimumVisualStudioVersion = 10.0.40219.1
Project("{FAE04EC0-301F-11D3-BF4B-00C04F79EFBC}") = "SimpleDataDemo", "SimpleDataDemo\SimpleDataDemo.csproj", "{C5E4E6E6-467C-49D5-A8F2-BCAF8C1CD580}"
EndProject
Project("{FAE04EC0-301F-11D3-BF4B-00C04F79EFBC}") = "Simple.Data", "Simple.Data\Simple.Data.csproj", "{148CEE80-2E84-4ABD-B5AB-20415B2BBD21}"
EndProject
Project("{FAE04EC0-301F-11D3-BF4B-00C04F79EFBC}") = "Simple.Data.Ado", "Simple.Data.Ado\Simple.Data.Ado.csproj", "{ECC2D7DB-EC7F-44B6-B09F-5B471C629685}"
EndProject
Project("{FAE04EC0-301F-11D3-BF4B-00C04F79EFBC}") = "Simple.Data.SqlServer", "Simple.Data.SqlServer\Simple.Data.SqlServer.csproj", "{E24F1C0F-3DCD-4BE5-9A6E-78EF6CB392A1}"
EndProject
Global
	GlobalSection(SolutionConfigurationPlatforms) = preSolution
		Debug|Any CPU = Debug|Any CPU
		Release|Any CPU = Release|Any CPU
		Release-Mono|Any CPU = Release-Mono|Any CPU
	EndGlobalSection
	GlobalSection(ProjectConfigurationPlatforms) = postSolution
		{C5E4E6E6-467C-49D5-A8F2-BCAF8C1CD580}.Debug|Any CPU.ActiveCfg = Debug|Any CPU
		{C5E4E6E6-467C-49D5-A8F2-BCAF8C1CD580}.Debug|Any CPU.Build.0 = Debug|Any CPU
		{C5E4E6E6-467C-49D5-A8F2-BCAF8C1CD580}.Release|Any CPU.ActiveCfg = Release|Any CPU
		{C5E4E6E6-467C-49D5-A8F2-BCAF8C1CD580}.Release|Any CPU.Build.0 = Release|Any CPU
		{C5E4E6E6-467C-49D5-A8F2-BCAF8C1CD580}.Release-Mono|Any CPU.ActiveCfg = Release|Any CPU
		{C5E4E6E6-467C-49D5-A8F2-BCAF8C1CD580}.Release-Mono|Any CPU.Build.0 = Release|Any CPU
		{148CEE80-2E84-4ABD-B5AB-20415B2BBD21}.Debug|Any CPU.ActiveCfg = Debug|Any CPU
		{148CEE80-2E84-4ABD-B5AB-20415B2BBD21}.Debug|Any CPU.Build.0 = Debug|Any CPU
		{148CEE80-2E84-4ABD-B5AB-20415B2BBD21}.Release|Any CPU.ActiveCfg = Release|Any CPU
		{148CEE80-2E84-4ABD-B5AB-20415B2BBD21}.Release|Any CPU.Build.0 = Release|Any CPU
		{148CEE80-2E84-4ABD-B5AB-20415B2BBD21}.Release-Mono|Any CPU.ActiveCfg = Release-Mono|Any CPU
		{148CEE80-2E84-4ABD-B5AB-20415B2BBD21}.Release-Mono|Any CPU.Build.0 = Release-Mono|Any CPU
		{ECC2D7DB-EC7F-44B6-B09F-5B471C629685}.Debug|Any CPU.ActiveCfg = Debug|Any CPU
		{ECC2D7DB-EC7F-44B6-B09F-5B471C629685}.Debug|Any CPU.Build.0 = Debug|Any CPU
		{ECC2D7DB-EC7F-44B6-B09F-5B471C629685}.Release|Any CPU.ActiveCfg = Release|Any CPU
		{ECC2D7DB-EC7F-44B6-B09F-5B471C629685}.Release|Any CPU.Build.0 = Release|Any CPU
		{ECC2D7DB-EC7F-44B6-B09F-5B471C629685}.Release-Mono|Any CPU.ActiveCfg = Release-Mono|Any CPU
		{ECC2D7DB-EC7F-44B6-B09F-5B471C629685}.Release-Mono|Any CPU.Build.0 = Release-Mono|Any CPU
		{E24F1C0F-3DCD-4BE5-9A6E-78EF6CB392A1}.Debug|Any CPU.ActiveCfg = Debug|Any CPU
		{E24F1C0F-3DCD-4BE5-9A6E-78EF6CB392A1}.Debug|Any CPU.Build.0 = Debug|Any CPU
		{E24F1C0F-3DCD-4BE5-9A6E-78EF6CB392A1}.Release|Any CPU.ActiveCfg = Release|Any CPU
		{E24F1C0F-3DCD-4BE5-9A6E-78EF6CB392A1}.Release|Any CPU.Build.0 = Release|Any CPU
		{E24F1C0F-3DCD-4BE5-9A6E-78EF6CB392A1}.Release-Mono|Any CPU.ActiveCfg = Release-Mono|Any CPU
		{E24F1C0F-3DCD-4BE5-9A6E-78EF6CB392A1}.Release-Mono|Any CPU.Build.0 = Release-Mono|Any CPU
	EndGlobalSection
	GlobalSection(SolutionProperties) = preSolution
		HideSolutionNode = FALSE
	EndGlobalSection
EndGlobal
